{
  "name": "build",
  "version": "1.0.0",
  "lockfileVersion": 1,
  "requires": true,
  "dependencies": {
    "adm-zip": {
      "version": "0.4.13",
      "resolved": "https://registry.npmjs.org/adm-zip/-/adm-zip-0.4.13.tgz",
      "integrity": "sha512-fERNJX8sOXfel6qCBCMPvZLzENBEhZTzKqg6vrOW5pvoEaQuJhRU4ndTAh6lHOxn1I6jnz2NHra56ZODM751uw=="
    },
    "generate-password": {
      "version": "1.4.1",
      "resolved": "https://registry.npmjs.org/generate-password/-/generate-password-1.4.1.tgz",
      "integrity": "sha512-MwMSkOIKkgYBG3JrquF0m/Rky+pl5jZFNmoroE9bQU5VawFDKdJfxMx1qBthPusx8GQyNWSW0m+Jaw0mZnqApg=="
    },
    "mime": {
      "version": "2.4.0",
      "resolved": "https://registry.npmjs.org/mime/-/mime-2.4.0.tgz",
      "integrity": "sha512-ikBcWwyqXQSHKtciCcctu9YfPbFYZ4+gbHEmE0Q8jzcTYQg5dHCr3g2wwAZjPoJfQVXZq6KXAjpXOTf5/cjT7w=="
    }
  }
}
